
Microsoft Visual Studio Solution File, Format Version 12.00
# Visual Studio Version 17
VisualStudioVersion = 17.9.34607.119
MinimumVisualStudioVersion = 10.0.40219.1
Project("{9A19103F-16F7-4668-BE54-9A1E7A4F7556}") = "My-Real-Estate", "My-Real-Estate\My-Real-Estate.csproj", "{9514A367-1781-4282-873B-5A0376780050}"
EndProject
Project("{9A19103F-16F7-4668-BE54-9A1E7A4F7556}") = "Core", "Core\Core.csproj", "{298CCDB7-3BE8-4090-B86B-2CDF9403CDF4}"
EndProject
Project("{9A19103F-16F7-4668-BE54-9A1E7A4F7556}") = "Infrastracture", "Infrastracture\Infrastracture.csproj", "{D411DB1C-53A4-4B86-8750-E94527F8ACFE}"
EndProject
Project("{FAE04EC0-301F-11D3-BF4B-00C04F79EFBC}") = "Infrastructure-IntegrationTest", "InfrastructureTest\Infrastructure-IntegrationTest.csproj", "{82C2C540-72D6-4FE9-8C01-11609D2934DF}"
EndProject
Global
	GlobalSection(SolutionConfigurationPlatforms) = preSolution
		Debug|Any CPU = Debug|Any CPU
		Release|Any CPU = Release|Any CPU
	EndGlobalSection
	GlobalSection(ProjectConfigurationPlatforms) = postSolution
		{9514A367-1781-4282-873B-5A0376780050}.Debug|Any CPU.ActiveCfg = Debug|Any CPU
		{9514A367-1781-4282-873B-5A0376780050}.Debug|Any CPU.Build.0 = Debug|Any CPU
		{9514A367-1781-4282-873B-5A0376780050}.Release|Any CPU.ActiveCfg = Release|Any CPU
		{9514A367-1781-4282-873B-5A0376780050}.Release|Any CPU.Build.0 = Release|Any CPU
		{298CCDB7-3BE8-4090-B86B-2CDF9403CDF4}.Debug|Any CPU.ActiveCfg = Debug|Any CPU
		{298CCDB7-3BE8-4090-B86B-2CDF9403CDF4}.Debug|Any CPU.Build.0 = Debug|Any CPU
		{298CCDB7-3BE8-4090-B86B-2CDF9403CDF4}.Release|Any CPU.ActiveCfg = Release|Any CPU
		{298CCDB7-3BE8-4090-B86B-2CDF9403CDF4}.Release|Any CPU.Build.0 = Release|Any CPU
		{D411DB1C-53A4-4B86-8750-E94527F8ACFE}.Debug|Any CPU.ActiveCfg = Debug|Any CPU
		{D411DB1C-53A4-4B86-8750-E94527F8ACFE}.Debug|Any CPU.Build.0 = Debug|Any CPU
		{D411DB1C-53A4-4B86-8750-E94527F8ACFE}.Release|Any CPU.ActiveCfg = Release|Any CPU
		{D411DB1C-53A4-4B86-8750-E94527F8ACFE}.Release|Any CPU.Build.0 = Release|Any CPU
		{82C2C540-72D6-4FE9-8C01-11609D2934DF}.Debug|Any CPU.ActiveCfg = Debug|Any CPU
		{82C2C540-72D6-4FE9-8C01-11609D2934DF}.Debug|Any CPU.Build.0 = Debug|Any CPU
		{82C2C540-72D6-4FE9-8C01-11609D2934DF}.Release|Any CPU.ActiveCfg = Release|Any CPU
		{82C2C540-72D6-4FE9-8C01-11609D2934DF}.Release|Any CPU.Build.0 = Release|Any CPU
	EndGlobalSection
	GlobalSection(SolutionProperties) = preSolution
		HideSolutionNode = FALSE
	EndGlobalSection
	GlobalSection(ExtensibilityGlobals) = postSolution
		SolutionGuid = {8D32B732-6111-4157-98ED-CCFCA87C9319}
	EndGlobalSection
EndGlobal
